{
    "hash": "4a4626d9bdea1df866b8062716791e35",
    "packages": [
        {
            "name": "facebook/php-sdk",
            "version": "dev-master",
            "source": {
                "type": "git",
                "url": "git://github.com/facebook/facebook-php-sdk.git",
                "reference": "v3.2.0"
            },
            "dist": {
                "type": "zip",
                "url": "https://github.com/facebook/facebook-php-sdk/zipball/v3.2.0",
                "reference": "v3.2.0",
                "shasum": ""
            },
            "require": {
                "php": ">=5.2.0",
                "ext-curl": "*",
                "ext-json": "*"
            },
            "time": "1344965300",
            "type": "library",
            "installation-source": "source",
            "autoload": {
                "classmap": [
                    "src"
                ]
            },
            "license": [
                "Apache2"
            ],
            "authors": [
                {
                    "name": "Facebook",
                    "homepage": "https://github.com/facebook/facebook-php-sdk/contributors"
                }
            ],
            "description": "Facebook PHP SDK",
            "homepage": "https://github.com/facebook/facebook-php-sdk",
            "keywords": [
                "facebook",
                "sdk"
            ]
        },
        {
            "name": "pimple/pimple",
            "version": "dev-master",
            "source": {
                "type": "git",
                "url": "git://github.com/fabpot/Pimple.git",
                "reference": "b9f27b8dc18c08f00627dec02359b46a24791dc3"
            },
            "dist": {
                "type": "zip",
                "url": "https://github.com/fabpot/Pimple/zipball/b9f27b8dc18c08f00627dec02359b46a24791dc3",
                "reference": "b9f27b8dc18c08f00627dec02359b46a24791dc3",
                "shasum": ""
            },
            "require": {
                "php": ">=5.3.0"
            },
            "time": "2012-09-10 20:09:48",
            "type": "library",
            "extra": {
                "branch-alias": {
                    "dev-master": "1.0.x-dev"
                }
            },
            "installation-source": "source",
            "autoload": {
                "psr-0": {
                    "Pimple": "lib/"
                }
            },
            "license": [
                "MIT"
            ],
            "authors": [
                {
                    "name": "Fabien Potencier",
                    "email": "fabien@symfony.com"
                }
            ],
            "description": "Pimple is a simple Dependency Injection Container for PHP 5.3",
            "homepage": "http://pimple.sensiolabs.org",
            "keywords": [
                "dependency injection",
                "container"
            ]
        },
        {
            "name": "silex/silex",
            "version": "dev-master",
            "source": {
                "type": "git",
                "url": "git://github.com/fabpot/Silex.git",
                "reference": "810fcb19c74317289d06b531641cf5dd33f7bf6f"
            },
            "dist": {
                "type": "zip",
                "url": "https://github.com/fabpot/Silex/zipball/810fcb19c74317289d06b531641cf5dd33f7bf6f",
                "reference": "810fcb19c74317289d06b531641cf5dd33f7bf6f",
                "shasum": ""
            },
            "require": {
                "symfony/event-dispatcher": "2.1.*",
                "symfony/http-foundation": "2.1.*",
                "symfony/http-kernel": "2.1.*",
                "symfony/routing": "2.1.*",
                "php": ">=5.3.3",
                "pimple/pimple": "1.*"
            },
            "require-dev": {
                "symfony/form": "2.1.*",
                "symfony/translation": "2.1.*",
                "symfony/twig-bridge": "2.1.*",
                "symfony/validator": "2.1.*",
                "symfony/monolog-bridge": "2.1.*",
                "symfony/browser-kit": "2.1.*",
                "symfony/css-selector": "2.1.*",
                "symfony/finder": "2.1.*",
                "symfony/process": "2.1.*",
                "symfony/security": "2.1.*",
                "monolog/monolog": ">=1.0.0,<1.2-dev",
                "symfony/config": "2.1.*",
                "symfony/locale": "2.1.*",
                "twig/twig": ">=1.8.0,<2.0-dev",
                "swiftmailer/swiftmailer": "4.2.*",
                "doctrine/dbal": ">=2.2.0,<2.4.0-dev"
            },
            "suggest": {
                "symfony/browser-kit": "2.1.*",
                "symfony/css-selector": "2.1.*",
                "symfony/dom-crawler": "2.1.*"
            },
            "time": "1348836914",
            "type": "library",
            "extra": {
                "branch-alias": {
                    "dev-master": "1.0.x-dev"
                }
            },
            "installation-source": "source",
            "autoload": {
                "psr-0": {
                    "Silex": "src/"
                }
            },
            "license": [
                "MIT"
            ],
            "authors": [
                {
                    "name": "Fabien Potencier",
                    "email": "fabien@symfony.com"
                },
                {
                    "name": "Igor Wiedler",
                    "email": "igor@wiedler.ch",
                    "homepage": "http://wiedler.ch/igor/"
                }
            ],
            "description": "The PHP micro-framework based on the Symfony2 Components",
            "homepage": "http://silex.sensiolabs.org",
            "keywords": [
                "microframework"
            ]
        },
        {
            "name": "symfony/event-dispatcher",
            "version": "2.1.x-dev",
            "target-dir": "Symfony/Component/EventDispatcher",
            "source": {
                "type": "git",
                "url": "https://github.com/symfony/EventDispatcher",
                "reference": "v2.1.2"
            },
            "dist": {
                "type": "zip",
                "url": "https://github.com/symfony/EventDispatcher/zipball/v2.1.2",
                "reference": "v2.1.2",
                "shasum": ""
            },
            "require": {
                "php": ">=5.3.3"
            },
            "require-dev": {
                "symfony/dependency-injection": "2.1.*"
            },
            "suggest": {
                "symfony/dependency-injection": "2.1.*",
                "symfony/http-kernel": "2.1.*"
            },
            "time": "1347274422",
            "type": "library",
            "extra": {
                "branch-alias": {
                    "dev-master": "2.1-dev"
                }
            },
            "installation-source": "source",
            "autoload": {
                "psr-0": {
                    "Symfony\\Component\\EventDispatcher": ""
                }
            },
            "license": [
                "MIT"
            ],
            "authors": [
                {
                    "name": "Fabien Potencier",
                    "email": "fabien@symfony.com"
                },
                {
                    "name": "Symfony Community",
                    "homepage": "http://symfony.com/contributors"
                }
            ],
            "description": "Symfony EventDispatcher Component",
            "homepage": "http://symfony.com"
        },
        {
            "name": "symfony/http-foundation",
            "version": "2.1.x-dev",
            "target-dir": "Symfony/Component/HttpFoundation",
            "source": {
                "type": "git",
                "url": "https://github.com/symfony/HttpFoundation",
                "reference": "c6d48206a04fc2aa75d396bb23f0152f33eaab0c"
            },
            "dist": {
                "type": "zip",
                "url": "https://github.com/symfony/HttpFoundation/zipball/c6d48206a04fc2aa75d396bb23f0152f33eaab0c",
                "reference": "c6d48206a04fc2aa75d396bb23f0152f33eaab0c",
                "shasum": ""
            },
            "require": {
                "php": ">=5.3.3"
            },
            "time": "1348937790",
            "type": "library",
            "extra": {
                "branch-alias": {
                    "dev-master": "2.1-dev"
                }
            },
            "installation-source": "source",
            "autoload": {
                "psr-0": {
                    "Symfony\\Component\\HttpFoundation": "",
                    "SessionHandlerInterface": "Resources/stubs"
                }
            },
            "license": [
                "MIT"
            ],
            "authors": [
                {
                    "name": "Fabien Potencier",
                    "email": "fabien@symfony.com"
                },
                {
                    "name": "Symfony Community",
                    "homepage": "http://symfony.com/contributors"
                }
            ],
            "description": "Symfony HttpFoundation Component",
            "homepage": "http://symfony.com"
        },
        {
            "name": "symfony/http-kernel",
            "version": "2.1.x-dev",
            "target-dir": "Symfony/Component/HttpKernel",
            "source": {
                "type": "git",
                "url": "https://github.com/symfony/HttpKernel",
                "reference": "404dce298803bb617ac24967ba07a3cc8e38bef3"
            },
            "dist": {
                "type": "zip",
                "url": "https://github.com/symfony/HttpKernel/zipball/404dce298803bb617ac24967ba07a3cc8e38bef3",
                "reference": "404dce298803bb617ac24967ba07a3cc8e38bef3",
                "shasum": ""
            },
            "require": {
                "php": ">=5.3.3",
                "symfony/event-dispatcher": "2.1.*",
                "symfony/http-foundation": "2.1.*"
            },
            "require-dev": {
                "symfony/browser-kit": "2.1.*",
                "symfony/class-loader": "2.1.*",
                "symfony/config": "2.1.*",
                "symfony/console": "2.1.*",
                "symfony/dependency-injection": "2.1.*",
                "symfony/finder": "2.1.*",
                "symfony/process": "2.1.*",
                "symfony/routing": "2.1.*"
            },
            "suggest": {
                "symfony/browser-kit": "2.1.*",
                "symfony/class-loader": "2.1.*",
                "symfony/config": "2.1.*",
                "symfony/console": "2.1.*",
                "symfony/dependency-injection": "2.1.*",
                "symfony/finder": "2.1.*"
            },
            "time": "1348853105",
            "type": "library",
            "extra": {
                "branch-alias": {
                    "dev-master": "2.1-dev"
                }
            },
            "installation-source": "source",
            "autoload": {
                "psr-0": {
                    "Symfony\\Component\\HttpKernel": ""
                }
            },
            "license": [
                "MIT"
            ],
            "authors": [
                {
                    "name": "Fabien Potencier",
                    "email": "fabien@symfony.com"
                },
                {
                    "name": "Symfony Community",
                    "homepage": "http://symfony.com/contributors"
                }
            ],
            "description": "Symfony HttpKernel Component",
            "homepage": "http://symfony.com"
        },
        {
            "name": "symfony/routing",
            "version": "2.1.x-dev",
            "target-dir": "Symfony/Component/Routing",
            "source": {
                "type": "git",
                "url": "https://github.com/symfony/Routing",
                "reference": "v2.1.2"
            },
            "dist": {
                "type": "zip",
                "url": "https://github.com/symfony/Routing/zipball/v2.1.2",
                "reference": "v2.1.2",
                "shasum": ""
            },
            "require": {
                "php": ">=5.3.3"
            },
            "require-dev": {
                "symfony/config": "2.1.*",
                "symfony/yaml": "2.1.*",
                "symfony/http-kernel": "2.1.*",
                "doctrine/common": ">=2.2,<2.4-dev"
            },
            "suggest": {
                "doctrine/common": ">=2.2,<2.4-dev",
                "symfony/config": "2.1.*",
                "symfony/yaml": "2.1.*"
            },
            "time": "1347274422",
            "type": "library",
            "extra": {
                "branch-alias": {
                    "dev-master": "2.1-dev"
                }
            },
            "installation-source": "source",
            "autoload": {
                "psr-0": {
                    "Symfony\\Component\\Routing": ""
                }
            },
            "license": [
                "MIT"
            ],
            "authors": [
                {
                    "name": "Fabien Potencier",
                    "email": "fabien@symfony.com"
                },
                {
                    "name": "Symfony Community",
                    "homepage": "http://symfony.com/contributors"
                }
            ],
            "description": "Symfony Routing Component",
            "homepage": "http://symfony.com"
        },
        {
            "name": "twig/twig",
            "version": "dev-master",
            "source": {
                "type": "git",
                "url": "git://github.com/fabpot/Twig.git",
                "reference": "120cde3fa54c31047edf1cd003752ca119dec9a8"
            },
            "dist": {
                "type": "zip",
                "url": "https://github.com/fabpot/Twig/zipball/120cde3fa54c31047edf1cd003752ca119dec9a8",
                "reference": "120cde3fa54c31047edf1cd003752ca119dec9a8",
                "shasum": ""
            },
            "require": {
                "php": ">=5.2.4"
            },
            "time": "1348936415",
            "type": "library",
            "extra": {
                "branch-alias": {
                    "dev-master": "1.10-dev"
                }
            },
            "installation-source": "source",
            "autoload": {
                "psr-0": {
                    "Twig_": "lib/"
                }
            },
            "license": [
                "BSD-3"
            ],
            "authors": [
                {
                    "name": "Fabien Potencier",
                    "email": "fabien@symfony.com"
                },
                {
                    "name": "Armin Ronacher",
                    "email": "armin.ronacher@active-4.com"
                }
            ],
            "description": "Twig, the flexible, fast, and secure template language for PHP",
            "homepage": "http://twig.sensiolabs.org",
            "keywords": [
                "templating"
            ]
        }
    ],
    "packages-dev": null,
    "aliases": [

    ],
    "minimum-stability": "dev",
    "stability-flags": {
        "facebook/php-sdk": 20
    }
}
